// !$*UTF8*$!
{
	archiveVersion = 1;
	classes = {
	};
	objectVersion = 48;
	objects = {

/* Begin PBXBuildFile section */
		C3C52AD5201337D90076EFFD /* main.c in Sources */ = {isa = PBXBuildFile; fileRef = C3C52AD4201337D90076EFFD /* main.c */; };
		C3E857B52013A691000D5C25 /* Edge.c in Sources */ = {isa = PBXBuildFile; fileRef = C3E857AE2013A690000D5C25 /* Edge.c */; };
		C3E857B62013A691000D5C25 /* UF.c in Sources */ = {isa = PBXBuildFile; fileRef = C3E857AF2013A690000D5C25 /* UF.c */; };
		C3E857B72013A691000D5C25 /* ST.c in Sources */ = {isa = PBXBuildFile; fileRef = C3E857B02013A690000D5C25 /* ST.c */; };
		C3E857B82013A691000D5C25 /* Graph.c in Sources */ = {isa = PBXBuildFile; fileRef = C3E857B42013A691000D5C25 /* Graph.c */; };
/* End PBXBuildFile section */

/* Begin PBXCopyFilesBuildPhase section */
		C3C52ACF201337D90076EFFD /* CopyFiles */ = {
			isa = PBXCopyFilesBuildPhase;
			buildActionMask = 2147483647;
			dstPath = /usr/share/man/man1/;
			dstSubfolderSpec = 0;
			files = (
			);
			runOnlyForDeploymentPostprocessing = 1;
		};
/* End PBXCopyFilesBuildPhase section */

/* Begin PBXFileReference section */
		C3C52AD1201337D90076EFFD /* graph */ = {isa = PBXFileReference; explicitFileType = "compiled.mach-o.executable"; includeInIndex = 0; path = graph; sourceTree = BUILT_PRODUCTS_DIR; };
		C3C52AD4201337D90076EFFD /* main.c */ = {isa = PBXFileReference; lastKnownFileType = sourcecode.c.c; path = main.c; sourceTree = "<group>"; };
		C3E857AD2013A690000D5C25 /* UF.h */ = {isa = PBXFileReference; fileEncoding = 4; lastKnownFileType = sourcecode.c.h; path = UF.h; sourceTree = "<group>"; };
		C3E857AE2013A690000D5C25 /* Edge.c */ = {isa = PBXFileReference; fileEncoding = 4; lastKnownFileType = sourcecode.c.c; path = Edge.c; sourceTree = "<group>"; };
		C3E857AF2013A690000D5C25 /* UF.c */ = {isa = PBXFileReference; fileEncoding = 4; lastKnownFileType = sourcecode.c.c; path = UF.c; sourceTree = "<group>"; };
		C3E857B02013A690000D5C25 /* ST.c */ = {isa = PBXFileReference; fileEncoding = 4; lastKnownFileType = sourcecode.c.c; path = ST.c; sourceTree = "<group>"; };
		C3E857B12013A690000D5C25 /* ST.h */ = {isa = PBXFileReference; fileEncoding = 4; lastKnownFileType = sourcecode.c.h; path = ST.h; sourceTree = "<group>"; };
		C3E857B22013A690000D5C25 /* Graph.h */ = {isa = PBXFileReference; fileEncoding = 4; lastKnownFileType = sourcecode.c.h; path = Graph.h; sourceTree = "<group>"; };
		C3E857B32013A691000D5C25 /* Edge.h */ = {isa = PBXFileReference; fileEncoding = 4; lastKnownFileType = sourcecode.c.h; path = Edge.h; sourceTree = "<group>"; };
		C3E857B42013A691000D5C25 /* Graph.c */ = {isa = PBXFileReference; fileEncoding = 4; lastKnownFileType = sourcecode.c.c; path = Graph.c; sourceTree = "<group>"; };
/* End PBXFileReference section */

/* Begin PBXFrameworksBuildPhase section */
		C3C52ACE201337D90076EFFD /* Frameworks */ = {
			isa = PBXFrameworksBuildPhase;
			buildActionMask = 2147483647;
			files = (
			);
			runOnlyForDeploymentPostprocessing = 0;
		};
/* End PBXFrameworksBuildPhase section */

/* Begin PBXGroup section */
		C3C52AC8201337D90076EFFD = {
			isa = PBXGroup;
			children = (
				C3C52AD3201337D90076EFFD /* graph */,
				C3C52AD2201337D90076EFFD /* Products */,
			);
			sourceTree = "<group>";
		};
		C3C52AD2201337D90076EFFD /* Products */ = {
			isa = PBXGroup;
			children = (
				C3C52AD1201337D90076EFFD /* graph */,
			);
			name = Products;
			sourceTree = "<group>";
		};
		C3C52AD3201337D90076EFFD /* graph */ = {
			isa = PBXGroup;
			children = (
				C3E857AE2013A690000D5C25 /* Edge.c */,
				C3E857B32013A691000D5C25 /* Edge.h */,
				C3E857B42013A691000D5C25 /* Graph.c */,
				C3E857B22013A690000D5C25 /* Graph.h */,
				C3E857B02013A690000D5C25 /* ST.c */,
				C3E857B12013A690000D5C25 /* ST.h */,
				C3E857AF2013A690000D5C25 /* UF.c */,
				C3E857AD2013A690000D5C25 /* UF.h */,
				C3C52AD4201337D90076EFFD /* main.c */,
			);
			path = graph;
			sourceTree = "<group>";
		};
/* End PBXGroup section */

/* Begin PBXNativeTarget section */
		C3C52AD0201337D90076EFFD /* graph */ = {
			isa = PBXNativeTarget;
			buildConfigurationList = C3C52AD8201337D90076EFFD /* Build configuration list for PBXNativeTarget "graph" */;
			buildPhases = (
				C3C52ACD201337D90076EFFD /* Sources */,
				C3C52ACE201337D90076EFFD /* Frameworks */,
				C3C52ACF201337D90076EFFD /* CopyFiles */,
			);
			buildRules = (
			);
			dependencies = (
			);
			name = graph;
			productName = graph;
			productReference = C3C52AD1201337D90076EFFD /* graph */;
			productType = "com.apple.product-type.tool";
		};
/* End PBXNativeTarget section */

/* Begin PBXProject section */
		C3C52AC9201337D90076EFFD /* Project object */ = {
			isa = PBXProject;
			attributes = {
				LastUpgradeCheck = 0920;
				ORGANIZATIONNAME = "Elia Migliore";
				TargetAttributes = {
					C3C52AD0201337D90076EFFD = {
						CreatedOnToolsVersion = 9.2;
						ProvisioningStyle = Automatic;
					};
				};
			};
			buildConfigurationList = C3C52ACC201337D90076EFFD /* Build configuration list for PBXProject "graph" */;
			compatibilityVersion = "Xcode 8.0";
			developmentRegion = en;
			hasScannedForEncodings = 0;
			knownRegions = (
				en,
			);
			mainGroup = C3C52AC8201337D90076EFFD;
			productRefGroup = C3C52AD2201337D90076EFFD /* Products */;
			projectDirPath = "";
			projectRoot = "";
			targets = (
				C3C52AD0201337D90076EFFD /* graph */,
			);
		};
/* End PBXProject section */

/* Begin PBXSourcesBuildPhase section */
		C3C52ACD201337D90076EFFD /* Sources */ = {
			isa = PBXSourcesBuildPhase;
			buildActionMask = 2147483647;
			files = (
				C3E857B72013A691000D5C25 /* ST.c in Sources */,
				C3E857B52013A691000D5C25 /* Edge.c in Sources */,
				C3E857B62013A691000D5C25 /* UF.c in Sources */,
				C3E857B82013A691000D5C25 /* Graph.c in Sources */,
				C3C52AD5201337D90076EFFD /* main.c in Sources */,
			);
			runOnlyForDeploymentPostprocessing = 0;
		};
/* End PBXSourcesBuildPhase section */

/* Begin XCBuildConfiguration section */
		C3C52AD6201337D90076EFFD /* Debug */ = {
			isa = XCBuildConfiguration;
			buildSettings = {
				ALWAYS_SEARCH_USER_PATHS = NO;
				CLANG_ANALYZER_NONNULL = YES;
				CLANG_ANALYZER_NUMBER_OBJECT_CONVERSION = YES_AGGRESSIVE;
				CLANG_CXX_LANGUAGE_STANDARD = "gnu++14";
				CLANG_CXX_LIBRARY = "libc++";
				CLANG_ENABLE_MODULES = YES;
				CLANG_ENABLE_OBJC_ARC = YES;
				CLANG_WARN_BLOCK_CAPTURE_AUTORELEASING = YES;
				CLANG_WARN_BOOL_CONVERSION = YES;
				CLANG_WARN_COMMA = YES;
				CLANG_WARN_CONSTANT_CONVERSION = YES;
				CLANG_WARN_DIRECT_OBJC_ISA_USAGE = YES_ERROR;
				CLANG_WARN_DOCUMENTATION_COMMENTS = YES;
				CLANG_WARN_EMPTY_BODY = YES;
				CLANG_WARN_ENUM_CONVERSION = YES;
				CLANG_WARN_INFINITE_RECURSION = YES;
				CLANG_WARN_INT_CONVERSION = YES;
				CLANG_WARN_NON_LITERAL_NULL_CONVERSION = YES;
				CLANG_WARN_OBJC_LITERAL_CONVERSION = YES;
				CLANG_WARN_OBJC_ROOT_CLASS = YES_ERROR;
				CLANG_WARN_RANGE_LOOP_ANALYSIS = YES;
				CLANG_WARN_STRICT_PROTOTYPES = YES;
				CLANG_WARN_SUSPICIOUS_MOVE = YES;
				CLANG_WARN_UNGUARDED_AVAILABILITY = YES_AGGRESSIVE;
				CLANG_WARN_UNREACHABLE_CODE = YES;
				CLANG_WARN__DUPLICATE_METHOD_MATCH = YES;
				CODE_SIGN_IDENTITY = "-";
				COPY_PHASE_STRIP = NO;
				DEBUG_INFORMATION_FORMAT = dwarf;
				ENABLE_STRICT_OBJC_MSGSEND = YES;
				ENABLE_TESTABILITY = YES;
				GCC_C_LANGUAGE_STANDARD = gnu11;
				GCC_DYNAMIC_NO_PIC = NO;
				GCC_NO_COMMON_BLOCKS = YES;
				GCC_OPTIMIZATION_LEVEL = 0;
				GCC_PREPROCESSOR_DEFINITIONS = (
					"DEBUG=1",
					"$(inherited)",
				);
				GCC_WARN_64_TO_32_BIT_CONVERSION = YES;
				GCC_WARN_ABOUT_RETURN_TYPE = YES_ERROR;
				GCC_WARN_UNDECLARED_SELECTOR = YES;
				GCC_WARN_UNINITIALIZED_AUTOS = YES_AGGRESSIVE;
				GCC_WARN_UNUSED_FUNCTION = YES;
				GCC_WARN_UNUSED_VARIABLE = YES;
				MACOSX_DEPLOYMENT_TARGET = 10.13;
				MTL_ENABLE_DEBUG_INFO = YES;
				ONLY_ACTIVE_ARCH = YES;
				SDKROOT = macosx;
			};
			name = Debug;
		};
		C3C52AD7201337D90076EFFD /* Release */ = {
			isa = XCBuildConfiguration;
			buildSettings = {
				ALWAYS_SEARCH_USER_PATHS = NO;
				CLANG_ANALYZER_NONNULL = YES;
				CLANG_ANALYZER_NUMBER_OBJECT_CONVERSION = YES_AGGRESSIVE;
				CLANG_CXX_LANGUAGE_STANDARD = "gnu++14";
				CLANG_CXX_LIBRARY = "libc++";
				CLANG_ENABLE_MODULES = YES;
				CLANG_ENABLE_OBJC_ARC = YES;
				CLANG_WARN_BLOCK_CAPTURE_AUTORELEASING = YES;
				CLANG_WARN_BOOL_CONVERSION = YES;
				CLANG_WARN_COMMA = YES;
				CLANG_WARN_CONSTANT_CONVERSION = YES;
				CLANG_WARN_DIRECT_OBJC_ISA_USAGE = YES_ERROR;
				CLANG_WARN_DOCUMENTATION_COMMENTS = YES;
				CLANG_WARN_EMPTY_BODY = YES;
				CLANG_WARN_ENUM_CONVERSION = YES;
				CLANG_WARN_INFINITE_RECURSION = YES;
				CLANG_WARN_INT_CONVERSION = YES;
				CLANG_WARN_NON_LITERAL_NULL_CONVERSION = YES;
				CLANG_WARN_OBJC_LITERAL_CONVERSION = YES;
				CLANG_WARN_OBJC_ROOT_CLASS = YES_ERROR;
				CLANG_WARN_RANGE_LOOP_ANALYSIS = YES;
				CLANG_WARN_STRICT_PROTOTYPES = YES;
				CLANG_WARN_SUSPICIOUS_MOVE = YES;
				CLANG_WARN_UNGUARDED_AVAILABILITY = YES_AGGRESSIVE;
				CLANG_WARN_UNREACHABLE_CODE = YES;
				CLANG_WARN__DUPLICATE_METHOD_MATCH = YES;
				CODE_SIGN_IDENTITY = "-";
				COPY_PHASE_STRIP = NO;
				DEBUG_INFORMATION_FORMAT = "dwarf-with-dsym";
				ENABLE_NS_ASSERTIONS = NO;
				ENABLE_STRICT_OBJC_MSGSEND = YES;
				GCC_C_LANGUAGE_STANDARD = gnu11;
				GCC_NO_COMMON_BLOCKS = YES;
				GCC_WARN_64_TO_32_BIT_CONVERSION = YES;
				GCC_WARN_ABOUT_RETURN_TYPE = YES_ERROR;
				GCC_WARN_UNDECLARED_SELECTOR = YES;
				GCC_WARN_UNINITIALIZED_AUTOS = YES_AGGRESSIVE;
				GCC_WARN_UNUSED_FUNCTION = YES;
				GCC_WARN_UNUSED_VARIABLE = YES;
				MACOSX_DEPLOYMENT_TARGET = 10.13;
				MTL_ENABLE_DEBUG_INFO = NO;
				SDKROOT = macosx;
			};
			name = Release;
		};
		C3C52AD9201337D90076EFFD /* Debug */ = {
			isa = XCBuildConfiguration;
			buildSettings = {
				CODE_SIGN_STYLE = Automatic;
				PRODUCT_NAME = "$(TARGET_NAME)";
			};
			name = Debug;
		};
		C3C52ADA201337D90076EFFD /* Release */ = {
			isa = XCBuildConfiguration;
			buildSettings = {
				CODE_SIGN_STYLE = Automatic;
				PRODUCT_NAME = "$(TARGET_NAME)";
			};
			name = Release;
		};
/* End XCBuildConfiguration section */

/* Begin XCConfigurationList section */
		C3C52ACC201337D90076EFFD /* Build configuration list for PBXProject "graph" */ = {
			isa = XCConfigurationList;
			buildConfigurations = (
				C3C52AD6201337D90076EFFD /* Debug */,
				C3C52AD7201337D90076EFFD /* Release */,
			);
			defaultConfigurationIsVisible = 0;
			defaultConfigurationName = Release;
		};
		C3C52AD8201337D90076EFFD /* Build configuration list for PBXNativeTarget "graph" */ = {
			isa = XCConfigurationList;
			buildConfigurations = (
				C3C52AD9201337D90076EFFD /* Debug */,
				C3C52ADA201337D90076EFFD /* Release */,
			);
			defaultConfigurationIsVisible = 0;
			defaultConfigurationName = Release;
		};
/* End XCConfigurationList section */
	};
	rootObject = C3C52AC9201337D90076EFFD /* Project object */;
}
